
Microsoft Visual Studio Solution File, Format Version 12.00
# Visual Studio 15
VisualStudioVersion = 15.0.27703.2026
MinimumVisualStudioVersion = 10.0.40219.1
Project("{9A19103F-16F7-4668-BE54-9A1E7A4F7556}") = "SceneSkope.AzureFunctions.FirebaseCloudMessaging", "SceneSkope.AzureFunctions.FirebaseCloudMessaging\SceneSkope.AzureFunctions.FirebaseCloudMessaging.csproj", "{60AABFC7-6A6E-4380-995B-405120A8E3A5}"
EndProject
Project("{9A19103F-16F7-4668-BE54-9A1E7A4F7556}") = "TestFcm", "TestFcm\TestFcm.csproj", "{FE1CA2A2-BFEF-4C2E-AAB3-E033BFA1D015}"
EndProject
Project("{2150E333-8FDC-42A3-9474-1A3956D46DE8}") = "Solution Items", "Solution Items", "{D7F877D8-D1BB-45B3-BADC-E93C12F9F7C1}"
	ProjectSection(SolutionItems) = preProject
		README.md = README.md
	EndProjectSection
EndProject
Global
	GlobalSection(SolutionConfigurationPlatforms) = preSolution
		Debug|Any CPU = Debug|Any CPU
		Release|Any CPU = Release|Any CPU
	EndGlobalSection
	GlobalSection(ProjectConfigurationPlatforms) = postSolution
		{60AABFC7-6A6E-4380-995B-405120A8E3A5}.Debug|Any CPU.ActiveCfg = Debug|Any CPU
		{60AABFC7-6A6E-4380-995B-405120A8E3A5}.Debug|Any CPU.Build.0 = Debug|Any CPU
		{60AABFC7-6A6E-4380-995B-405120A8E3A5}.Release|Any CPU.ActiveCfg = Release|Any CPU
		{60AABFC7-6A6E-4380-995B-405120A8E3A5}.Release|Any CPU.Build.0 = Release|Any CPU
		{FE1CA2A2-BFEF-4C2E-AAB3-E033BFA1D015}.Debug|Any CPU.ActiveCfg = Debug|Any CPU
		{FE1CA2A2-BFEF-4C2E-AAB3-E033BFA1D015}.Debug|Any CPU.Build.0 = Debug|Any CPU
		{FE1CA2A2-BFEF-4C2E-AAB3-E033BFA1D015}.Release|Any CPU.ActiveCfg = Release|Any CPU
		{FE1CA2A2-BFEF-4C2E-AAB3-E033BFA1D015}.Release|Any CPU.Build.0 = Release|Any CPU
	EndGlobalSection
	GlobalSection(SolutionProperties) = preSolution
		HideSolutionNode = FALSE
	EndGlobalSection
	GlobalSection(ExtensibilityGlobals) = postSolution
		SolutionGuid = {4A4D9354-B337-4375-82C8-03B70E6F489C}
	EndGlobalSection
EndGlobal
